{
  "version": 4,
  "terraform_version": "0.12.3",
  "serial": 26,
  "lineage": "8c398762-6f96-1bde-b72a-7b0f3bb33d3a",
  "outputs": {},
  "resources": [
    {
      "mode": "managed",
      "type": "azurerm_network_interface",
      "name": "myDBterraformnic",
      "provider": "provider.azurerm",
      "instances": [
        {
          "schema_version": 0,
          "attributes": {
            "applied_dns_servers": [],
            "dns_servers": [],
            "enable_accelerated_networking": false,
            "enable_ip_forwarding": false,
            "id": "/subscriptions/e0fae348-f6c2-45f5-87b7-c41c22782d8f/resourceGroups/user11ResourceGroup/providers/Microsoft.Network/networkInterfaces/user11DBNIC",
            "internal_dns_name_label": "",
            "internal_fqdn": "",
            "ip_configuration": [
              {
                "application_gateway_backend_address_pools_ids": [],
                "application_security_group_ids": [],
                "load_balancer_backend_address_pools_ids": [],
                "load_balancer_inbound_nat_rules_ids": [],
                "name": "user11DBNicConfiguration",
                "primary": true,
                "private_ip_address": "",
                "private_ip_address_allocation": "dynamic",
                "private_ip_address_version": "IPv4",
                "public_ip_address_id": "",
                "subnet_id": "/subscriptions/e0fae348-f6c2-45f5-87b7-c41c22782d8f/resourceGroups/user11ResourceGroup/providers/Microsoft.Network/virtualNetworks/user11Vnet/subnets/user11Subnet2"
              }
            ],
            "location": "koreasouth",
            "mac_address": "",
            "name": "user11DBNIC",
            "network_security_group_id": "/subscriptions/e0fae348-f6c2-45f5-87b7-c41c22782d8f/resourceGroups/user11ResourceGroup/providers/Microsoft.Network/networkSecurityGroups/user11DBNetworkSecurityGroup",
            "private_ip_address": "15.0.2.4",
            "private_ip_addresses": [
              "15.0.2.4"
            ],
            "resource_group_name": "user11ResourceGroup",
            "tags": {},
            "virtual_machine_id": null
          },
          "depends_on": [
            "azurerm_network_security_group.myDBterraformnsg",
            "azurerm_resource_group.myterraformgroup",
            "azurerm_subnet.myterraformsubnet2"
          ]
        }
      ]
    },
    {
      "mode": "managed",
      "type": "azurerm_network_interface",
      "name": "myterraformnic",
      "provider": "provider.azurerm",
      "instances": [
        {
          "schema_version": 0,
          "attributes": {
            "applied_dns_servers": [],
            "dns_servers": [],
            "enable_accelerated_networking": false,
            "enable_ip_forwarding": false,
            "id": "/subscriptions/e0fae348-f6c2-45f5-87b7-c41c22782d8f/resourceGroups/user11ResourceGroup/providers/Microsoft.Network/networkInterfaces/user11NIC",
            "internal_dns_name_label": "",
            "internal_fqdn": "",
            "ip_configuration": [
              {
                "application_gateway_backend_address_pools_ids": [],
                "application_security_group_ids": [],
                "load_balancer_backend_address_pools_ids": [],
                "load_balancer_inbound_nat_rules_ids": [],
                "name": "user11NicConfiguration",
                "primary": true,
                "private_ip_address": "",
                "private_ip_address_allocation": "dynamic",
                "private_ip_address_version": "IPv4",
                "public_ip_address_id": "/subscriptions/e0fae348-f6c2-45f5-87b7-c41c22782d8f/resourceGroups/user11ResourceGroup/providers/Microsoft.Network/publicIPAddresses/user11PublicIP",
                "subnet_id": "/subscriptions/e0fae348-f6c2-45f5-87b7-c41c22782d8f/resourceGroups/user11ResourceGroup/providers/Microsoft.Network/virtualNetworks/user11Vnet/subnets/user11Subnet1"
              }
            ],
            "location": "koreasouth",
            "mac_address": "00-22-48-06-20-8A",
            "name": "user11NIC",
            "network_security_group_id": "/subscriptions/e0fae348-f6c2-45f5-87b7-c41c22782d8f/resourceGroups/user11ResourceGroup/providers/Microsoft.Network/networkSecurityGroups/user11NetworkSecurityGroup",
            "private_ip_address": "15.0.1.4",
            "private_ip_addresses": [
              "15.0.1.4"
            ],
            "resource_group_name": "user11ResourceGroup",
            "tags": {},
            "virtual_machine_id": "/subscriptions/e0fae348-f6c2-45f5-87b7-c41c22782d8f/resourceGroups/user11ResourceGroup/providers/Microsoft.Compute/virtualMachines/user11VM"
          },
          "depends_on": [
            "azurerm_network_security_group.myterraformnsg",
            "azurerm_public_ip.myterraformpublicip",
            "azurerm_resource_group.myterraformgroup",
            "azurerm_subnet.myterraformsubnet"
          ]
        }
      ]
    },
    {
      "mode": "managed",
      "type": "azurerm_network_security_group",
      "name": "myDBterraformnsg",
      "provider": "provider.azurerm",
      "instances": [
        {
          "schema_version": 0,
          "attributes": {
            "id": "/subscriptions/e0fae348-f6c2-45f5-87b7-c41c22782d8f/resourceGroups/user11ResourceGroup/providers/Microsoft.Network/networkSecurityGroups/user11DBNetworkSecurityGroup",
            "location": "koreasouth",
            "name": "user11DBNetworkSecurityGroup",
            "resource_group_name": "user11ResourceGroup",
            "security_rule": [
              {
                "access": "Allow",
                "description": "",
                "destination_address_prefix": "*",
                "destination_address_prefixes": [],
                "destination_application_security_group_ids": [],
                "destination_port_range": "22",
                "destination_port_ranges": [],
                "direction": "Inbound",
                "name": "SSH",
                "priority": 1001,
                "protocol": "Tcp",
                "source_address_prefix": "*",
                "source_address_prefixes": [],
                "source_application_security_group_ids": [],
                "source_port_range": "*",
                "source_port_ranges": []
              },
              {
                "access": "Allow",
                "description": "",
                "destination_address_prefix": "*",
                "destination_address_prefixes": [],
                "destination_application_security_group_ids": [],
                "destination_port_range": "3306",
                "destination_port_ranges": [],
                "direction": "Inbound",
                "name": "DB",
                "priority": 2001,
                "protocol": "Tcp",
                "source_address_prefix": "*",
                "source_address_prefixes": [],
                "source_application_security_group_ids": [],
                "source_port_range": "*",
                "source_port_ranges": []
              }
            ],
            "tags": {}
          },
          "depends_on": [
            "azurerm_resource_group.myterraformgroup"
          ]
        }
      ]
    },
    {
      "mode": "managed",
      "type": "azurerm_network_security_group",
      "name": "myterraformnsg",
      "provider": "provider.azurerm",
      "instances": [
        {
          "schema_version": 0,
          "attributes": {
            "id": "/subscriptions/e0fae348-f6c2-45f5-87b7-c41c22782d8f/resourceGroups/user11ResourceGroup/providers/Microsoft.Network/networkSecurityGroups/user11NetworkSecurityGroup",
            "location": "koreasouth",
            "name": "user11NetworkSecurityGroup",
            "resource_group_name": "user11ResourceGroup",
            "security_rule": [
              {
                "access": "Allow",
                "description": "",
                "destination_address_prefix": "*",
                "destination_address_prefixes": [],
                "destination_application_security_group_ids": [],
                "destination_port_range": "22",
                "destination_port_ranges": [],
                "direction": "Inbound",
                "name": "SSH",
                "priority": 1001,
                "protocol": "Tcp",
                "source_address_prefix": "*",
                "source_address_prefixes": [],
                "source_application_security_group_ids": [],
                "source_port_range": "*",
                "source_port_ranges": []
              },
              {
                "access": "Allow",
                "description": "",
                "destination_address_prefix": "*",
                "destination_address_prefixes": [],
                "destination_application_security_group_ids": [],
                "destination_port_range": "80",
                "destination_port_ranges": [],
                "direction": "Inbound",
                "name": "HTTP",
                "priority": 2001,
                "protocol": "Tcp",
                "source_address_prefix": "*",
                "source_address_prefixes": [],
                "source_application_security_group_ids": [],
                "source_port_range": "*",
                "source_port_ranges": []
              }
            ],
            "tags": {}
          },
          "depends_on": [
            "azurerm_resource_group.myterraformgroup"
          ]
        }
      ]
    },
    {
      "mode": "managed",
      "type": "azurerm_public_ip",
      "name": "myterraformpublicip",
      "provider": "provider.azurerm",
      "instances": [
        {
          "schema_version": 0,
          "attributes": {
            "allocation_method": "Dynamic",
            "domain_name_label": null,
            "fqdn": null,
            "id": "/subscriptions/e0fae348-f6c2-45f5-87b7-c41c22782d8f/resourceGroups/user11ResourceGroup/providers/Microsoft.Network/publicIPAddresses/user11PublicIP",
            "idle_timeout_in_minutes": 4,
            "ip_address": "52.231.153.248",
            "ip_version": "IPv4",
            "location": "koreasouth",
            "name": "user11PublicIP",
            "public_ip_address_allocation": "Dynamic",
            "public_ip_prefix_id": null,
            "resource_group_name": "user11ResourceGroup",
            "reverse_fqdn": null,
            "sku": "Basic",
            "tags": {},
            "zones": []
          },
          "depends_on": [
            "azurerm_resource_group.myterraformgroup"
          ]
        }
      ]
    },
    {
      "mode": "managed",
      "type": "azurerm_resource_group",
      "name": "myterraformgroup",
      "provider": "provider.azurerm",
      "instances": [
        {
          "schema_version": 0,
          "attributes": {
            "id": "/subscriptions/e0fae348-f6c2-45f5-87b7-c41c22782d8f/resourceGroups/user11ResourceGroup",
            "location": "koreasouth",
            "name": "user11ResourceGroup",
            "tags": {}
          }
        }
      ]
    },
    {
      "mode": "managed",
      "type": "azurerm_subnet",
      "name": "myterraformsubnet",
      "provider": "provider.azurerm",
      "instances": [
        {
          "schema_version": 0,
          "attributes": {
            "address_prefix": "15.0.1.0/24",
            "delegation": [],
            "id": "/subscriptions/e0fae348-f6c2-45f5-87b7-c41c22782d8f/resourceGroups/user11ResourceGroup/providers/Microsoft.Network/virtualNetworks/user11Vnet/subnets/user11Subnet1",
            "ip_configurations": [
              "/subscriptions/e0fae348-f6c2-45f5-87b7-c41c22782d8f/resourceGroups/user11ResourceGroup/providers/Microsoft.Network/networkInterfaces/user11NIC/ipConfigurations/user11NicConfiguration"
            ],
            "name": "user11Subnet1",
            "network_security_group_id": "",
            "resource_group_name": "user11ResourceGroup",
            "route_table_id": "",
            "service_endpoints": [],
            "virtual_network_name": "user11Vnet"
          },
          "depends_on": [
            "azurerm_resource_group.myterraformgroup",
            "azurerm_virtual_network.myterraformnetwork"
          ]
        }
      ]
    },
    {
      "mode": "managed",
      "type": "azurerm_subnet",
      "name": "myterraformsubnet2",
      "provider": "provider.azurerm",
      "instances": [
        {
          "schema_version": 0,
          "attributes": {
            "address_prefix": "15.0.2.0/24",
            "delegation": [],
            "id": "/subscriptions/e0fae348-f6c2-45f5-87b7-c41c22782d8f/resourceGroups/user11ResourceGroup/providers/Microsoft.Network/virtualNetworks/user11Vnet/subnets/user11Subnet2",
            "ip_configurations": [
              "/subscriptions/e0fae348-f6c2-45f5-87b7-c41c22782d8f/resourceGroups/user11ResourceGroup/providers/Microsoft.Network/networkInterfaces/user11DBNIC/ipConfigurations/user11DBNicConfiguration"
            ],
            "name": "user11Subnet2",
            "network_security_group_id": "",
            "resource_group_name": "user11ResourceGroup",
            "route_table_id": "",
            "service_endpoints": [],
            "virtual_network_name": "user11Vnet"
          },
          "depends_on": [
            "azurerm_resource_group.myterraformgroup",
            "azurerm_virtual_network.myterraformnetwork"
          ]
        }
      ]
    },
    {
      "mode": "managed",
      "type": "azurerm_virtual_machine",
      "name": "myDBterraformvm",
      "provider": "provider.azurerm",
      "instances": [
        {
          "schema_version": 0,
          "attributes": {
            "availability_set_id": null,
            "boot_diagnostics": [],
            "delete_data_disks_on_termination": false,
            "delete_os_disk_on_termination": false,
            "id": "/subscriptions/e0fae348-f6c2-45f5-87b7-c41c22782d8f/resourceGroups/user11ResourceGroup/providers/Microsoft.Compute/virtualMachines/user11DBVM",
            "identity": [],
            "license_type": null,
            "location": "koreasouth",
            "name": "user11DBVM",
            "network_interface_ids": [
              "/subscriptions/e0fae348-f6c2-45f5-87b7-c41c22782d8f/resourceGroups/user11ResourceGroup/providers/Microsoft.Network/networkInterfaces/user11DBNIC"
            ],
            "os_profile": [
              {
                "admin_password": "",
                "admin_username": "azureuser",
                "computer_name": "user11DBvm",
                "custom_data": ""
              }
            ],
            "os_profile_linux_config": [
              {
                "disable_password_authentication": true,
                "ssh_keys": [
                  {
                    "key_data": "ssh-rsa AAAAB3NzaC1yc2EAAAADAQABAAABAQDbcKF2exGPLWkWLNquf+3iQt+B3lMZE2YRSF8DuGn6vH7M1G9zqy4aI2aR6bmuZzGMrI0WoYjbQn9q0WhadPsYBjKuRDOdck7yf69TqARXyQF15gDwxyY4Zv5gHRe/fjafhvcbjoXZsvn0gX8jYfFHeaQEtxwL6SC+ImrxSUyU+g5n8+WXXsyjpJEA4QlEisVwfuaaegiuMARggCYYMrnPugRSr+OmhrOyYO0AL8uzKmkt0z6GuAjww1/9h59S28+wh9bWVd16KBDpZD8zipK8Bgwbhi9ZB8Tq0IAGfUMkz+IW9vrzdS5jTLJp3p6y0ek3xLUTG/Ng16BUyIZO90ih user11@cc-dea1c1e-d9c7cc4d5-5bwjf",
                    "path": "/home/azureuser/.ssh/authorized_keys"
                  }
                ]
              }
            ],
            "os_profile_secrets": [],
            "os_profile_windows_config": [],
            "plan": [],
            "primary_network_interface_id": null,
            "resource_group_name": "user11ResourceGroup",
            "storage_data_disk": [],
            "storage_image_reference": [
              {
                "id": "",
                "offer": "UbuntuServer",
                "publisher": "Canonical",
                "sku": "18.04-LTS",
                "version": "latest"
              }
            ],
            "storage_os_disk": [
              {
                "caching": "ReadWrite",
                "create_option": "FromImage",
                "disk_size_gb": 30,
                "image_uri": "",
                "managed_disk_id": "/subscriptions/e0fae348-f6c2-45f5-87b7-c41c22782d8f/resourceGroups/user11ResourceGroup/providers/Microsoft.Compute/disks/user11DBOsDisk",
                "managed_disk_type": "Premium_LRS",
                "name": "user11DBOsDisk",
                "os_type": "Linux",
                "vhd_uri": "",
                "write_accelerator_enabled": false
              }
            ],
            "tags": {},
            "vm_size": "Standard_D2s_v3",
            "zones": null
          },
          "private": "bnVsbA==",
          "depends_on": [
            "azurerm_network_interface.myDBterraformnic",
            "azurerm_resource_group.myterraformgroup"
          ]
        }
      ]
    },
    {
      "mode": "managed",
      "type": "azurerm_virtual_machine",
      "name": "myterraformvm",
      "provider": "provider.azurerm",
      "instances": [
        {
          "schema_version": 0,
          "attributes": {
            "availability_set_id": null,
            "boot_diagnostics": [],
            "delete_data_disks_on_termination": false,
            "delete_os_disk_on_termination": false,
            "id": "/subscriptions/e0fae348-f6c2-45f5-87b7-c41c22782d8f/resourceGroups/user11ResourceGroup/providers/Microsoft.Compute/virtualMachines/user11VM",
            "identity": [],
            "license_type": null,
            "location": "koreasouth",
            "name": "user11VM",
            "network_interface_ids": [
              "/subscriptions/e0fae348-f6c2-45f5-87b7-c41c22782d8f/resourceGroups/user11ResourceGroup/providers/Microsoft.Network/networkInterfaces/user11NIC"
            ],
            "os_profile": [
              {
                "admin_password": "",
                "admin_username": "azureuser",
                "computer_name": "user11vm",
                "custom_data": ""
              }
            ],
            "os_profile_linux_config": [
              {
                "disable_password_authentication": true,
                "ssh_keys": [
                  {
                    "key_data": "ssh-rsa AAAAB3NzaC1yc2EAAAADAQABAAABAQDbcKF2exGPLWkWLNquf+3iQt+B3lMZE2YRSF8DuGn6vH7M1G9zqy4aI2aR6bmuZzGMrI0WoYjbQn9q0WhadPsYBjKuRDOdck7yf69TqARXyQF15gDwxyY4Zv5gHRe/fjafhvcbjoXZsvn0gX8jYfFHeaQEtxwL6SC+ImrxSUyU+g5n8+WXXsyjpJEA4QlEisVwfuaaegiuMARggCYYMrnPugRSr+OmhrOyYO0AL8uzKmkt0z6GuAjww1/9h59S28+wh9bWVd16KBDpZD8zipK8Bgwbhi9ZB8Tq0IAGfUMkz+IW9vrzdS5jTLJp3p6y0ek3xLUTG/Ng16BUyIZO90ih user11@cc-dea1c1e-d9c7cc4d5-5bwjf",
                    "path": "/home/azureuser/.ssh/authorized_keys"
                  }
                ]
              }
            ],
            "os_profile_secrets": [],
            "os_profile_windows_config": [],
            "plan": [],
            "primary_network_interface_id": null,
            "resource_group_name": "user11ResourceGroup",
            "storage_data_disk": [],
            "storage_image_reference": [
              {
                "id": "",
                "offer": "UbuntuServer",
                "publisher": "Canonical",
                "sku": "18.04-LTS",
                "version": "latest"
              }
            ],
            "storage_os_disk": [
              {
                "caching": "ReadWrite",
                "create_option": "FromImage",
                "disk_size_gb": 30,
                "image_uri": "",
                "managed_disk_id": "/subscriptions/e0fae348-f6c2-45f5-87b7-c41c22782d8f/resourceGroups/user11ResourceGroup/providers/Microsoft.Compute/disks/user11OsDisk",
                "managed_disk_type": "Premium_LRS",
                "name": "user11OsDisk",
                "os_type": "Linux",
                "vhd_uri": "",
                "write_accelerator_enabled": false
              }
            ],
            "tags": {},
            "vm_size": "Standard_DS1_v2",
            "zones": []
          },
          "depends_on": [
            "azurerm_network_interface.myterraformnic",
            "azurerm_resource_group.myterraformgroup"
          ]
        }
      ]
    },
    {
      "mode": "managed",
      "type": "azurerm_virtual_network",
      "name": "myterraformnetwork",
      "provider": "provider.azurerm",
      "instances": [
        {
          "schema_version": 0,
          "attributes": {
            "address_space": [
              "15.0.0.0/16"
            ],
            "ddos_protection_plan": [],
            "dns_servers": [],
            "id": "/subscriptions/e0fae348-f6c2-45f5-87b7-c41c22782d8f/resourceGroups/user11ResourceGroup/providers/Microsoft.Network/virtualNetworks/user11Vnet",
            "location": "koreasouth",
            "name": "user11Vnet",
            "resource_group_name": "user11ResourceGroup",
            "subnet": [
              {
                "address_prefix": "15.0.1.0/24",
                "id": "/subscriptions/e0fae348-f6c2-45f5-87b7-c41c22782d8f/resourceGroups/user11ResourceGroup/providers/Microsoft.Network/virtualNetworks/user11Vnet/subnets/user11Subnet1",
                "name": "user11Subnet1",
                "security_group": ""
              },
              {
                "address_prefix": "15.0.2.0/24",
                "id": "/subscriptions/e0fae348-f6c2-45f5-87b7-c41c22782d8f/resourceGroups/user11ResourceGroup/providers/Microsoft.Network/virtualNetworks/user11Vnet/subnets/user11Subnet2",
                "name": "user11Subnet2",
                "security_group": ""
              }
            ],
            "tags": {
              "environment": "Team5 Vnet"
            }
          },
          "depends_on": [
            "azurerm_resource_group.myterraformgroup"
          ]
        }
      ]
    }
  ]
}
